{
  "version": "2",
  "remote": {
    "https://cdn.sheetjs.com/xlsx-0.19.3/package/xlsx.mjs": "bd46bbded8bebaf8ba95a8cc8c44db359c8b02307a6e82407a1b4a0e73546c87",
    "https://deno.land/std@0.106.0/encoding/base64.ts": "eecae390f1f1d1cae6f6c6d732ede5276bf4b9cd29b1d281678c054dc5cc009e",
    "https://deno.land/std@0.203.0/fs/exists.ts": "cb59a853d84871d87acab0e7936a4dac11282957f8e195102c5a7acb42546bb8",
    "https://deno.land/std@0.52.0/fmt/colors.ts": "ec9d653672a9a3c7b6eafe53c5bc797364a2db2dcf766ab649c1155fea7a80b2",
    "https://deno.land/x/canvas@v1.4.1/deps.ts": "e956026d98094946166e06d7b799290b732db015813870d84e04e33ab88e98f3",
    "https://deno.land/x/canvas@v1.4.1/mod.ts": "a4e16972647ceafef58612a377a218372454c99d2c9da615a132694597114f80",
    "https://deno.land/x/canvas@v1.4.1/src/base64.ts": "0928031fdba0c43b617154fbe2eb7578366460c04da1422933ae5e936d3d0349",
    "https://deno.land/x/canvas@v1.4.1/src/canvas.ts": "58119999b04f68ebeed2627485c5c24c5b0c029707edde0b6568814f9049a3a8",
    "https://deno.land/x/canvas@v1.4.1/src/canvaskit.ts": "c3d807472cbb3e1d9fc01bb43ff974ef796c4b010178d1595be5fa793cce5e7d",
    "https://deno.land/x/canvas@v1.4.1/src/color_util.ts": "28f1072f0a5acbe7add7fac2f452311a47b44c080806fc4057de2d2e405c6c1c",
    "https://deno.land/x/canvas@v1.4.1/src/lib.js": "bb21711589bfbc8997b455cdf53e3150e23289f3b44809188041b1d2fc7924fa",
    "https://deno.land/x/canvas@v1.4.1/src/types.ts": "67d5800f8f4b0a407e0251676a03ae91b5f50a3ed53e6b72dc5984113cb93128",
    "https://deno.land/x/canvas@v1.4.1/src/wasm.js": "449d72cc14fc4142a5853f944df49a744d852981d09c5515528ede8aebb0afda",
    "https://deno.land/x/sleep@v1.2.1/mod.ts": "f2d3c9e1ef1fb2852f580f6960384bed36bc18a2da357c35f11a089fcca44273",
    "https://deno.land/x/sleep@v1.2.1/sleep.ts": "2426efe5d3ce5de0b8af08bd36a8700deb5dc60e752f5f8f05d5e815a7e8cb0e",
    "https://deno.land/x/spinners@v1.1.2/mod.ts": "ed5b3562d4ea6c6887bc7e9844612b08a3bc3a3678ca77cc7dfdf461c362751e",
    "https://deno.land/x/spinners@v1.1.2/spinner-types.ts": "c67e6962a0c738aa57b4d3ad9fe06c8c0131f93360acbf95456f2ba200fd8826",
    "https://deno.land/x/spinners@v1.1.2/terminal-spinner.ts": "1cf0c38a423781734e2e538323c1992027830d741e90f0b81f532e5bc993d035",
    "https://deno.land/x/spinners@v1.1.2/util.ts": "7083203bedbda2e6144a14a7dd093747a7a01e73d95637c888bae8ac22a1c58b"
  }
}
